
Microsoft Visual Studio Solution File, Format Version 12.00
# Visual Studio Version 16
VisualStudioVersion = 16.0.30128.74
MinimumVisualStudioVersion = 10.0.40219.1
Project("{FAE04EC0-301F-11D3-BF4B-00C04F79EFBC}") = "SecretProtectionProject", "SecretProtectionProject\SecretProtectionProject.csproj", "{6579FC92-B4F0-4D96-BFF0-038AD91FCE8E}"
EndProject
Global
	GlobalSection(SolutionConfigurationPlatforms) = preSolution
		Debug|Any CPU = Debug|Any CPU
		Release|Any CPU = Release|Any CPU
	EndGlobalSection
	GlobalSection(ProjectConfigurationPlatforms) = postSolution
		{6579FC92-B4F0-4D96-BFF0-038AD91FCE8E}.Debug|Any CPU.ActiveCfg = Debug|Any CPU
		{6579FC92-B4F0-4D96-BFF0-038AD91FCE8E}.Debug|Any CPU.Build.0 = Debug|Any CPU
		{6579FC92-B4F0-4D96-BFF0-038AD91FCE8E}.Release|Any CPU.ActiveCfg = Release|Any CPU
		{6579FC92-B4F0-4D96-BFF0-038AD91FCE8E}.Release|Any CPU.Build.0 = Release|Any CPU
	EndGlobalSection
	GlobalSection(SolutionProperties) = preSolution
		HideSolutionNode = FALSE
	EndGlobalSection
	GlobalSection(ExtensibilityGlobals) = postSolution
		SolutionGuid = {1032FF5F-50F2-4DCA-BD7F-6035558E3BDD}
	EndGlobalSection
EndGlobal
